
Microsoft Visual Studio Solution File, Format Version 12.00
# Visual Studio Version 16
VisualStudioVersion = 16.0.31624.102
MinimumVisualStudioVersion = 10.0.40219.1
Project("{8BC9CEB8-8B4A-11D0-8D11-00A0C91BC942}") = "maki_project", "maki_project\maki_project.vcxproj", "{99D36DF3-5614-440A-BA5F-D705FCB81386}"
EndProject
Global
	GlobalSection(SolutionConfigurationPlatforms) = preSolution
		Debug|Win32 = Debug|Win32
		Release|Win32 = Release|Win32
	EndGlobalSection
	GlobalSection(ProjectConfigurationPlatforms) = postSolution
		{99D36DF3-5614-440A-BA5F-D705FCB81386}.Debug|Win32.ActiveCfg = Debug|Win32
		{99D36DF3-5614-440A-BA5F-D705FCB81386}.Debug|Win32.Build.0 = Debug|Win32
		{99D36DF3-5614-440A-BA5F-D705FCB81386}.Release|Win32.ActiveCfg = Release|Win32
		{99D36DF3-5614-440A-BA5F-D705FCB81386}.Release|Win32.Build.0 = Release|Win32
	EndGlobalSection
	GlobalSection(SolutionProperties) = preSolution
		HideSolutionNode = FALSE
	EndGlobalSection
	GlobalSection(ExtensibilityGlobals) = postSolution
		SolutionGuid = {B9438C78-A13D-40A4-B423-492D5BF74F0F}
	EndGlobalSection
EndGlobal
