<?xml version="1.0" encoding="utf-8"?>
<Project ToolsVersion="4.0" xmlns="http://schemas.microsoft.com/developer/msbuild/2003">
  <ItemGroup>
    <ClCompile Include="..\lib\imgui\imgui.cpp" />
    <ClCompile Include="..\lib\imgui\imgui_demo.cpp" />
    <ClCompile Include="..\lib\imgui\imgui_draw.cpp" />
    <ClCompile Include="..\lib\imgui\imgui_impl_glfw.cpp" />
    <ClCompile Include="..\lib\imgui\imgui_impl_opengl3.cpp" />
    <ClCompile Include="..\lib\imgui\imgui_tables.cpp" />
    <ClCompile Include="..\lib\imgui\imgui_widgets.cpp" />
    <ClCompile Include="src\glapp.cpp" />
    <ClCompile Include="src\glhelper.cpp" />
    <ClCompile Include="src\glslshader.cpp" />
    <ClCompile Include="src\main.cpp" />
    <ClCompile Include="TextSerializer.cpp">
      <Filter>GameEngine\Serialization</Filter>
    </ClCompile>
  </ItemGroup>
  <ItemGroup>
    <ClInclude Include="..\lib\imgui\imconfig.h" />
    <ClInclude Include="..\lib\imgui\imgui.h" />
    <ClInclude Include="..\lib\imgui\imgui_impl_glfw.h" />
    <ClInclude Include="..\lib\imgui\imgui_impl_opengl3.h" />
    <ClInclude Include="..\lib\imgui\imgui_impl_opengl3_loader.h" />
    <ClInclude Include="..\lib\imgui\imgui_internal.h" />
    <ClInclude Include="..\lib\imgui\imstb_rectpack.h" />
    <ClInclude Include="..\lib\imgui\imstb_textedit.h" />
    <ClInclude Include="..\lib\imgui\imstb_truetype.h" />
    <ClInclude Include="include\glapp.h" />
    <ClInclude Include="include\glhelper.h" />
    <ClInclude Include="include\glslshader.h" />
    <ClInclude Include="include\common_headers.hpp">
      <Filter>GameEngine\Headers</Filter>
    </ClInclude>
    <ClInclude Include="TextSerializer.h">
      <Filter>GameEngine\Serialization</Filter>
    </ClInclude>
    <ClInclude Include="Serializer.h">
      <Filter>GameEngine\Serialization</Filter>
    </ClInclude>
  </ItemGroup>
  <ItemGroup>
    <Filter Include="GameEngine">
      <UniqueIdentifier>{a72a1129-f7b1-40a7-bf6b-47bbd7a44503}</UniqueIdentifier>
    </Filter>
    <Filter Include="GameEngine\Serialization">
      <UniqueIdentifier>{54eb1265-12da-43aa-8089-3698022cc39d}</UniqueIdentifier>
    </Filter>
    <Filter Include="GameEngine\Headers">
      <UniqueIdentifier>{b58321f5-14e1-4ebf-bbd8-0e2bc5b9db94}</UniqueIdentifier>
    </Filter>
  </ItemGroup>
</Project>