<?xml version="1.0" encoding="utf-8"?>
<Project ToolsVersion="4.0" xmlns="http://schemas.microsoft.com/developer/msbuild/2003">
  <ItemGroup>
    <ClCompile Include="TextSerializer.cpp">
      <Filter>GameEngine\Serialization</Filter>
    </ClCompile>
    <ClCompile Include="src\glapp.cpp">
      <Filter>Source Files</Filter>
    </ClCompile>
    <ClCompile Include="src\glslshader.cpp">
      <Filter>Source Files</Filter>
    </ClCompile>
    <ClCompile Include="..\lib\imgui\imgui.cpp">
      <Filter>Source Files</Filter>
    </ClCompile>
    <ClCompile Include="..\lib\imgui\imgui_demo.cpp">
      <Filter>Source Files</Filter>
    </ClCompile>
    <ClCompile Include="..\lib\imgui\imgui_draw.cpp">
      <Filter>Source Files</Filter>
    </ClCompile>
    <ClCompile Include="..\lib\imgui\imgui_impl_glfw.cpp">
      <Filter>Source Files</Filter>
    </ClCompile>
    <ClCompile Include="..\lib\imgui\imgui_impl_opengl3.cpp">
      <Filter>Source Files</Filter>
    </ClCompile>
    <ClCompile Include="..\lib\imgui\imgui_tables.cpp">
      <Filter>Source Files</Filter>
    </ClCompile>
    <ClCompile Include="..\lib\imgui\imgui_widgets.cpp">
      <Filter>Source Files</Filter>
    </ClCompile>
    <ClCompile Include="src\main.cpp">
      <Filter>Source Files</Filter>
    </ClCompile>
    <ClCompile Include="src\Matrix.cpp" />
    <ClCompile Include="graphics\GLHelper.cpp" />
    <ClCompile Include="graphics\shader\ShaderProgram.cpp" />
  </ItemGroup>
  <ItemGroup>
    <ClInclude Include="TextSerializer.h">
      <Filter>GameEngine\Serialization</Filter>
    </ClInclude>
    <ClInclude Include="Serializer.h">
      <Filter>GameEngine\Serialization</Filter>
    </ClInclude>
    <ClInclude Include="include\glapp.h">
      <Filter>Header Files</Filter>
    </ClInclude>
    <ClInclude Include="..\lib\imgui\imconfig.h">
      <Filter>Header Files</Filter>
    </ClInclude>
    <ClInclude Include="include\glslshader.h">
      <Filter>Header Files</Filter>
    </ClInclude>
    <ClInclude Include="..\lib\imgui\imgui.h">
      <Filter>Header Files</Filter>
    </ClInclude>
    <ClInclude Include="..\lib\imgui\imgui_impl_glfw.h">
      <Filter>Header Files</Filter>
    </ClInclude>
    <ClInclude Include="..\lib\imgui\imgui_impl_opengl3.h">
      <Filter>Header Files</Filter>
    </ClInclude>
    <ClInclude Include="..\lib\imgui\imgui_internal.h">
      <Filter>Header Files</Filter>
    </ClInclude>
    <ClInclude Include="..\lib\imgui\imstb_rectpack.h">
      <Filter>Header Files</Filter>
    </ClInclude>
    <ClInclude Include="..\lib\imgui\imstb_textedit.h">
      <Filter>Header Files</Filter>
    </ClInclude>
    <ClInclude Include="..\lib\imgui\imstb_truetype.h">
      <Filter>Header Files</Filter>
    </ClInclude>
    <ClInclude Include="..\lib\imgui\imgui_impl_opengl3_loader.h">
      <Filter>Header Files</Filter>
    </ClInclude>
    <ClInclude Include="include\common_headers.hpp">
      <Filter>Header Files</Filter>
    </ClInclude>
    <ClInclude Include="include\collision.h" />
    <ClInclude Include="include\Headers.h" />
    <ClInclude Include="include\Math.h" />
    <ClInclude Include="include\Matrix.h" />
    <ClInclude Include="include\Vector.h" />
    <ClInclude Include="graphics\GLHelper.h" />
    <ClInclude Include="graphics\shader\ShaderProgram.h" />
  </ItemGroup>
  <ItemGroup>
    <Filter Include="GameEngine">
      <UniqueIdentifier>{a72a1129-f7b1-40a7-bf6b-47bbd7a44503}</UniqueIdentifier>
    </Filter>
    <Filter Include="GameEngine\Serialization">
      <UniqueIdentifier>{54eb1265-12da-43aa-8089-3698022cc39d}</UniqueIdentifier>
    </Filter>
    <Filter Include="Header Files">
      <UniqueIdentifier>{26bec48c-1935-46a1-9ed0-8731d75e57d4}</UniqueIdentifier>
    </Filter>
    <Filter Include="Source Files">
      <UniqueIdentifier>{9fd62910-cf68-43f8-aed6-27185e5b2a07}</UniqueIdentifier>
    </Filter>
  </ItemGroup>
</Project>