<?xml version="1.0" encoding="utf-8"?>
<Project ToolsVersion="4.0" xmlns="http://schemas.microsoft.com/developer/msbuild/2003">
  <ItemGroup>
    <ClCompile Include="..\lib\imgui\imgui.cpp" />
    <ClCompile Include="..\lib\imgui\imgui_demo.cpp" />
    <ClCompile Include="..\lib\imgui\imgui_draw.cpp" />
    <ClCompile Include="..\lib\imgui\imgui_impl_glfw.cpp" />
    <ClCompile Include="..\lib\imgui\imgui_impl_opengl3.cpp" />
    <ClCompile Include="..\lib\imgui\imgui_tables.cpp" />
    <ClCompile Include="..\lib\imgui\imgui_widgets.cpp" />
    <ClCompile Include="src\glapp.cpp" />
    <ClCompile Include="src\glhelper.cpp" />
    <ClCompile Include="src\glslshader.cpp" />
    <ClCompile Include="src\main.cpp" />
  </ItemGroup>
  <ItemGroup>
    <ClInclude Include="..\lib\imgui\imconfig.h" />
    <ClInclude Include="..\lib\imgui\imgui.h" />
    <ClInclude Include="..\lib\imgui\imgui_impl_glfw.h" />
    <ClInclude Include="..\lib\imgui\imgui_impl_opengl3.h" />
    <ClInclude Include="..\lib\imgui\imgui_impl_opengl3_loader.h" />
    <ClInclude Include="..\lib\imgui\imgui_internal.h" />
    <ClInclude Include="..\lib\imgui\imstb_rectpack.h" />
    <ClInclude Include="..\lib\imgui\imstb_textedit.h" />
    <ClInclude Include="..\lib\imgui\imstb_truetype.h" />
    <ClInclude Include="include\common_headers.hpp" />
    <ClInclude Include="include\glapp.h" />
    <ClInclude Include="include\glhelper.h" />
    <ClInclude Include="include\glslshader.h" />
    <ClInclude Include="src\lib\Matrix.h" />
    <ClInclude Include="src\lib\Headers.h" />
    <ClInclude Include="src\lib\Vector.h" />
    <ClInclude Include="src\lib\Math.h" />
  </ItemGroup>
</Project>