<?xml version="1.0" encoding="utf-8"?>
<Project ToolsVersion="4.0" xmlns="http://schemas.microsoft.com/developer/msbuild/2003">
  <ItemGroup>
    <ClCompile Include="..\lib\imgui\imgui.cpp">
      <Filter>Source Files</Filter>
    </ClCompile>
    <ClCompile Include="..\lib\imgui\imgui_demo.cpp">
      <Filter>Source Files</Filter>
    </ClCompile>
    <ClCompile Include="..\lib\imgui\imgui_draw.cpp">
      <Filter>Source Files</Filter>
    </ClCompile>
    <ClCompile Include="..\lib\imgui\imgui_impl_glfw.cpp">
      <Filter>Source Files</Filter>
    </ClCompile>
    <ClCompile Include="..\lib\imgui\imgui_impl_opengl3.cpp">
      <Filter>Source Files</Filter>
    </ClCompile>
    <ClCompile Include="..\lib\imgui\imgui_tables.cpp">
      <Filter>Source Files</Filter>
    </ClCompile>
    <ClCompile Include="..\lib\imgui\imgui_widgets.cpp">
      <Filter>Source Files</Filter>
    </ClCompile>
    <ClCompile Include="src\Input.cpp">
      <Filter>GameEngine\Input</Filter>
    </ClCompile>
    <ClCompile Include="src\glapp.cpp">
      <Filter>GameEngine\Graphics</Filter>
    </ClCompile>
    <ClCompile Include="src\glhelper.cpp">
      <Filter>GameEngine\Graphics</Filter>
    </ClCompile>
    <ClCompile Include="src\glslshader.cpp">
      <Filter>GameEngine\Graphics</Filter>
    </ClCompile>
    <ClCompile Include="src\main.cpp">
      <Filter>GameEngine\Main and Common Headers</Filter>
    </ClCompile>
    <ClCompile Include="src\JSONSerializer.cpp">
      <Filter>GameEngine\Serialization</Filter>
    </ClCompile>
    <ClCompile Include="src\RTTR.cpp">
      <Filter>GameEngine\Serialization</Filter>
    </ClCompile>
    <ClCompile Include="Camera2D.cpp">
      <Filter>GameEngine\Graphics\Camera</Filter>
    </ClCompile>
    <ClCompile Include="model.cpp">
      <Filter>GameEngine\Graphics\Model</Filter>
    </ClCompile>
    <ClCompile Include="object.cpp">
      <Filter>GameEngine\Graphics\Object</Filter>
    </ClCompile>
    <ClCompile Include="src\Matrix.cpp">
      <Filter>GameEngine\Math</Filter>
    </ClCompile>
    <ClCompile Include="src\Debug.cpp">
      <Filter>GameEngine\Debug</Filter>
    </ClCompile>
    <ClCompile Include="src\Script.cpp">
      <Filter>GameEngine\Script</Filter>
    </ClCompile>
    <ClCompile Include="src\Timer.cpp">
      <Filter>GameEngine\Timer</Filter>
    </ClCompile>
    <ClCompile Include="src\AudioEngine.cpp">
      <Filter>GameEngine\Audio</Filter>
    </ClCompile>
    <ClCompile Include="fonts.cpp">
      <Filter>GameEngine\Fonts</Filter>
    </ClCompile>
    <ClCompile Include="Physics.cpp">
      <Filter>GameEngine\Math\Physics</Filter>
    </ClCompile>
    <ClCompile Include="src\imguiEditor.cpp" />
    <ClCompile Include="src\texture.cpp">
      <Filter>GameEngine\Texture</Filter>
    </ClCompile>
    <ClCompile Include="src\graphicsSerializer.cpp" />
    <ClCompile Include="src\collision.cpp">
      <Filter>GameEngine\Collision</Filter>
    </ClCompile>
    <ClCompile Include="Engine\Components\Component.cpp">
      <Filter>GameEngine\Component</Filter>
    </ClCompile>
    <ClCompile Include="Engine\Components\Transform\Transform.cpp">
      <Filter>GameEngine\Component\Transform</Filter>
    </ClCompile>
    <ClCompile Include="Game Object\GameObject.cpp">
      <Filter>GameEngine\Graphics\Object</Filter>
    </ClCompile>
    <ClCompile Include="Engine\Factory\Factory.cpp">
      <Filter>GameEngine\Factory</Filter>
    </ClCompile>
    <ClCompile Include="Engine\System\Transformer.cpp">
      <Filter>GameEngine\System</Filter>
    </ClCompile>
    <ClCompile Include="Engine\System\SystemFrame.cpp">
      <Filter>GameEngine\System</Filter>
    </ClCompile>
    <ClCompile Include="Engine\System\Linked List\LinkedList.cpp">
      <Filter>GameEngine\LinkedList</Filter>
    </ClCompile>
    <ClCompile Include="Engine\Core\Core.cpp">
      <Filter>GameEngine\Core</Filter>
    </ClCompile>
    <ClCompile Include="Engine\System\Renderer.cpp">
      <Filter>GameEngine\System</Filter>
    </ClCompile>
    <ClCompile Include="Engine\System\CameraSystem.cpp">
      <Filter>GameEngine\System</Filter>
    </ClCompile>
    <ClCompile Include="Engine\Animation\Animation2D.cpp">
      <Filter>GameEngine\Animation</Filter>
    </ClCompile>
    <ClCompile Include="Game Object\Sprite.cpp">
      <Filter>GameEngine\Sprite</Filter>
    </ClCompile>
    <ClCompile Include="Engine\Animation\Rectangle.cpp">
      <Filter>GameEngine\Animation</Filter>
    </ClCompile>
    <ClCompile Include="Engine\Animation\ShaderLibrary.cpp">
      <Filter>GameEngine\shdrLib</Filter>
    </ClCompile>
    <ClCompile Include="Engine\Animation\ShaderProgram.cpp">
      <Filter>GameEngine\shdrLib</Filter>
    </ClCompile>
    <ClCompile Include="Engine\Animation\Player.cpp">
      <Filter>GameEngine\Animation</Filter>
    </ClCompile>
  </ItemGroup>
  <ItemGroup>
    <ClInclude Include="..\lib\imgui\imconfig.h">
      <Filter>Header Files</Filter>
    </ClInclude>
    <ClInclude Include="..\lib\imgui\imgui.h">
      <Filter>Header Files</Filter>
    </ClInclude>
    <ClInclude Include="..\lib\imgui\imgui_impl_glfw.h">
      <Filter>Header Files</Filter>
    </ClInclude>
    <ClInclude Include="..\lib\imgui\imgui_impl_opengl3.h">
      <Filter>Header Files</Filter>
    </ClInclude>
    <ClInclude Include="..\lib\imgui\imgui_internal.h">
      <Filter>Header Files</Filter>
    </ClInclude>
    <ClInclude Include="..\lib\imgui\imstb_rectpack.h">
      <Filter>Header Files</Filter>
    </ClInclude>
    <ClInclude Include="..\lib\imgui\imstb_textedit.h">
      <Filter>Header Files</Filter>
    </ClInclude>
    <ClInclude Include="..\lib\imgui\imstb_truetype.h">
      <Filter>Header Files</Filter>
    </ClInclude>
    <ClInclude Include="..\lib\imgui\imgui_impl_opengl3_loader.h">
      <Filter>Header Files</Filter>
    </ClInclude>
    <ClInclude Include="include\Input.h">
      <Filter>GameEngine\Input</Filter>
    </ClInclude>
    <ClInclude Include="include\Keys.h">
      <Filter>GameEngine\Input</Filter>
    </ClInclude>
    <ClInclude Include="include\glapp.h">
      <Filter>GameEngine\Graphics</Filter>
    </ClInclude>
    <ClInclude Include="include\glhelper.h">
      <Filter>GameEngine\Graphics</Filter>
    </ClInclude>
    <ClInclude Include="include\glslshader.h">
      <Filter>GameEngine\Graphics</Filter>
    </ClInclude>
    <ClInclude Include="include\common_headers.hpp">
      <Filter>GameEngine\Main and Common Headers</Filter>
    </ClInclude>
    <ClInclude Include="include\JSONSerializer.h">
      <Filter>GameEngine\Serialization</Filter>
    </ClInclude>
    <ClInclude Include="include\RTTR.h">
      <Filter>GameEngine\Serialization</Filter>
    </ClInclude>
    <ClInclude Include="Camera2D.h">
      <Filter>GameEngine\Graphics\Camera</Filter>
    </ClInclude>
    <ClInclude Include="model.h">
      <Filter>GameEngine\Graphics\Model</Filter>
    </ClInclude>
    <ClInclude Include="object.h">
      <Filter>GameEngine\Graphics\Object</Filter>
    </ClInclude>
    <ClInclude Include="include\Math.h">
      <Filter>GameEngine\Math</Filter>
    </ClInclude>
    <ClInclude Include="include\Matrix.h">
      <Filter>GameEngine\Math</Filter>
    </ClInclude>
    <ClInclude Include="include\Vector.h">
      <Filter>GameEngine\Math</Filter>
    </ClInclude>
    <ClInclude Include="include\vector3.h">
      <Filter>GameEngine\Math</Filter>
    </ClInclude>
    <ClInclude Include="include\Debug.h">
      <Filter>GameEngine\Debug</Filter>
    </ClInclude>
    <ClInclude Include="include\Script.h">
      <Filter>GameEngine\Script</Filter>
    </ClInclude>
    <ClInclude Include="include\Timer.h">
      <Filter>GameEngine\Timer</Filter>
    </ClInclude>
    <ClInclude Include="include\AudioEngine.h">
      <Filter>GameEngine\Audio</Filter>
    </ClInclude>
    <ClInclude Include="fonts.h">
      <Filter>GameEngine\Fonts</Filter>
    </ClInclude>
    <ClInclude Include="Physics.h">
      <Filter>GameEngine\Math\Physics</Filter>
    </ClInclude>
    <ClInclude Include="include\imguiEditor.h" />
    <ClInclude Include="include\texture.h">
      <Filter>GameEngine\Texture</Filter>
    </ClInclude>
    <ClInclude Include="include\graphicsSerializer.h" />
    <ClInclude Include="include\collision.h">
      <Filter>GameEngine\Collision</Filter>
    </ClInclude>
    <ClInclude Include="Headers\STL_Header.h">
      <Filter>Header Files</Filter>
    </ClInclude>
    <ClInclude Include="Engine\Components\Component.h">
      <Filter>GameEngine\Component</Filter>
    </ClInclude>
    <ClInclude Include="Engine\Components\Transform\Transform.h">
      <Filter>GameEngine\Component\Transform</Filter>
    </ClInclude>
    <ClInclude Include="Game Object\GameObject.h">
      <Filter>GameEngine\Graphics\Object</Filter>
    </ClInclude>
    <ClInclude Include="Engine\Factory\Factory.h">
      <Filter>GameEngine\Factory</Filter>
    </ClInclude>
    <ClInclude Include="Engine\System\Transformer.h">
      <Filter>GameEngine\System</Filter>
    </ClInclude>
    <ClInclude Include="Engine\System\SystemFrame.h">
      <Filter>GameEngine\System</Filter>
    </ClInclude>
    <ClInclude Include="Engine\System\Linked List\LinkedList.h">
      <Filter>GameEngine\LinkedList</Filter>
    </ClInclude>
    <ClInclude Include="Engine\Core\Core.h">
      <Filter>GameEngine\Core</Filter>
    </ClInclude>
    <ClInclude Include="Engine\System\Renderer.h">
      <Filter>GameEngine\System</Filter>
    </ClInclude>
    <ClInclude Include="Engine\System\CameraSystem.h">
      <Filter>GameEngine\System</Filter>
    </ClInclude>
    <ClInclude Include="Engine\Animation\Animation2D.h">
      <Filter>GameEngine\Animation</Filter>
    </ClInclude>
    <ClInclude Include="Game Object\Sprite.h">
      <Filter>GameEngine\Sprite</Filter>
    </ClInclude>
    <ClInclude Include="Engine\Animation\Transform.h">
      <Filter>GameEngine\Animation</Filter>
    </ClInclude>
    <ClInclude Include="Engine\Animation\Rectangle.h">
      <Filter>GameEngine\Animation</Filter>
    </ClInclude>
    <ClInclude Include="Engine\Animation\ShaderLibrary.h">
      <Filter>GameEngine\shdrLib</Filter>
    </ClInclude>
    <ClInclude Include="Engine\Animation\ShaderProgram.h">
      <Filter>GameEngine\shdrLib</Filter>
    </ClInclude>
    <ClInclude Include="Engine\Animation\Player.h">
      <Filter>GameEngine\Animation</Filter>
    </ClInclude>
  </ItemGroup>
  <ItemGroup>
    <Filter Include="GameEngine">
      <UniqueIdentifier>{a72a1129-f7b1-40a7-bf6b-47bbd7a44503}</UniqueIdentifier>
    </Filter>
    <Filter Include="GameEngine\Serialization">
      <UniqueIdentifier>{54eb1265-12da-43aa-8089-3698022cc39d}</UniqueIdentifier>
    </Filter>
    <Filter Include="Header Files">
      <UniqueIdentifier>{26bec48c-1935-46a1-9ed0-8731d75e57d4}</UniqueIdentifier>
    </Filter>
    <Filter Include="Source Files">
      <UniqueIdentifier>{9fd62910-cf68-43f8-aed6-27185e5b2a07}</UniqueIdentifier>
    </Filter>
    <Filter Include="GameEngine\Input">
      <UniqueIdentifier>{94596984-6186-4f86-abbd-7ba02b498ec3}</UniqueIdentifier>
    </Filter>
    <Filter Include="GameEngine\Graphics">
      <UniqueIdentifier>{a03d3466-fb2d-450f-a990-9a5851239b54}</UniqueIdentifier>
    </Filter>
    <Filter Include="GameEngine\Main and Common Headers">
      <UniqueIdentifier>{3b111c6a-1c82-4cc4-9196-ce3aaf5f1873}</UniqueIdentifier>
    </Filter>
    <Filter Include="GameEngine\Graphics\Camera">
      <UniqueIdentifier>{1b6f72d2-d056-40c5-84fe-20666c83b64f}</UniqueIdentifier>
    </Filter>
    <Filter Include="GameEngine\Graphics\Model">
      <UniqueIdentifier>{6c96407d-86f1-48bb-ad4d-63a1732bb8b2}</UniqueIdentifier>
    </Filter>
    <Filter Include="GameEngine\Graphics\Object">
      <UniqueIdentifier>{f7d68cbb-e627-4346-b52d-c381e797e532}</UniqueIdentifier>
    </Filter>
    <Filter Include="GameEngine\Math">
      <UniqueIdentifier>{d5311156-6a04-4c67-b25d-ba89efc9a79e}</UniqueIdentifier>
    </Filter>
    <Filter Include="GameEngine\Debug">
      <UniqueIdentifier>{da742a41-e40c-4aa2-8cf8-2e76d0da34e0}</UniqueIdentifier>
    </Filter>
    <Filter Include="GameEngine\Script">
      <UniqueIdentifier>{c6625eb6-b9db-4d84-8944-26173b43afab}</UniqueIdentifier>
    </Filter>
    <Filter Include="GameEngine\Timer">
      <UniqueIdentifier>{57a9b861-054a-4517-866e-48b281527a44}</UniqueIdentifier>
    </Filter>
    <Filter Include="GameEngine\Audio">
      <UniqueIdentifier>{0a9b184e-3b1d-46c6-bec6-b5e691aaefc7}</UniqueIdentifier>
    </Filter>
    <Filter Include="GameEngine\Fonts">
      <UniqueIdentifier>{8d999472-46aa-4c31-ad98-6bd06eb19152}</UniqueIdentifier>
    </Filter>
    <Filter Include="GameEngine\Math\Physics">
      <UniqueIdentifier>{4f68c3f6-6fa2-4a08-8633-7bec2582f488}</UniqueIdentifier>
    </Filter>
    <Filter Include="GameEngine\Shaders">
      <UniqueIdentifier>{834b740f-e5d2-4820-b8f3-8a5130a59d1c}</UniqueIdentifier>
    </Filter>
    <Filter Include="GameEngine\Texture">
      <UniqueIdentifier>{ba0d36aa-96e0-4851-82bc-af24c88843bc}</UniqueIdentifier>
    </Filter>
    <Filter Include="GameEngine\Collision">
      <UniqueIdentifier>{0711b7f9-9eb8-4aa3-9095-5c261e75ac4a}</UniqueIdentifier>
    </Filter>
    <Filter Include="GameEngine\Component">
      <UniqueIdentifier>{7f9e4ed8-c0c4-48ad-82a5-5ace48765416}</UniqueIdentifier>
    </Filter>
    <Filter Include="GameEngine\Factory">
      <UniqueIdentifier>{1d8cc5bb-2478-4a27-9db8-2054d9fc58a7}</UniqueIdentifier>
    </Filter>
    <Filter Include="GameEngine\Component\Transform">
      <UniqueIdentifier>{046cbef8-1fa6-4d75-ae1e-18d6711c4844}</UniqueIdentifier>
    </Filter>
    <Filter Include="GameEngine\System">
      <UniqueIdentifier>{dbdebb6c-0c81-40d1-821d-d3b7fde31249}</UniqueIdentifier>
    </Filter>
    <Filter Include="GameEngine\LinkedList">
      <UniqueIdentifier>{64bcac75-7af3-4cc1-a197-e53310e767cf}</UniqueIdentifier>
    </Filter>
    <Filter Include="GameEngine\Core">
      <UniqueIdentifier>{f99923e3-d01c-4a30-86cb-3ebd7916fee2}</UniqueIdentifier>
    </Filter>
    <Filter Include="GameEngine\Animation">
      <UniqueIdentifier>{886cb2e0-f27d-4298-b7d9-d7ec1e1ecd7d}</UniqueIdentifier>
    </Filter>
    <Filter Include="GameEngine\Sprite">
      <UniqueIdentifier>{62eb198c-580a-48ca-92fd-bfd68cc8df81}</UniqueIdentifier>
    </Filter>
    <Filter Include="GameEngine\shdrLib">
      <UniqueIdentifier>{42fa8c36-04a0-48f7-82fd-d3bdc565018d}</UniqueIdentifier>
    </Filter>
  </ItemGroup>
  <ItemGroup>
    <None Include="..\shaders\SushiMi.vert">
      <Filter>GameEngine\Shaders</Filter>
    </None>
    <None Include="..\shaders\SushiMi.frag">
      <Filter>GameEngine\Shaders</Filter>
    </None>
    <None Include="..\shaders\Texture.frag">
      <Filter>GameEngine\Shaders</Filter>
    </None>
    <None Include="..\shaders\Texture.vert">
      <Filter>GameEngine\Shaders</Filter>
    </None>
    <None Include="..\shaders\Animation.vert">
      <Filter>GameEngine\Shaders</Filter>
    </None>
    <None Include="..\shaders\Animation.frag">
      <Filter>GameEngine\Shaders</Filter>
    </None>
  </ItemGroup>
</Project>