<?xml version="1.0" encoding="utf-8"?>
<Project ToolsVersion="4.0" xmlns="http://schemas.microsoft.com/developer/msbuild/2003">
  <ItemGroup>
    <ClCompile Include="..\lib\imgui\imgui.cpp">
      <Filter>Source Files</Filter>
    </ClCompile>
    <ClCompile Include="..\lib\imgui\imgui_demo.cpp">
      <Filter>Source Files</Filter>
    </ClCompile>
    <ClCompile Include="..\lib\imgui\imgui_draw.cpp">
      <Filter>Source Files</Filter>
    </ClCompile>
    <ClCompile Include="..\lib\imgui\imgui_impl_glfw.cpp">
      <Filter>Source Files</Filter>
    </ClCompile>
    <ClCompile Include="..\lib\imgui\imgui_impl_opengl3.cpp">
      <Filter>Source Files</Filter>
    </ClCompile>
    <ClCompile Include="..\lib\imgui\imgui_tables.cpp">
      <Filter>Source Files</Filter>
    </ClCompile>
    <ClCompile Include="..\lib\imgui\imgui_widgets.cpp">
      <Filter>Source Files</Filter>
    </ClCompile>
    <ClCompile Include="src\Input.cpp">
      <Filter>GameEngine\Input</Filter>
    </ClCompile>
    <ClCompile Include="src\glapp.cpp">
      <Filter>GameEngine\Graphics</Filter>
    </ClCompile>
    <ClCompile Include="src\glhelper.cpp">
      <Filter>GameEngine\Graphics</Filter>
    </ClCompile>
    <ClCompile Include="src\glslshader.cpp">
      <Filter>GameEngine\Graphics</Filter>
    </ClCompile>
    <ClCompile Include="src\main.cpp">
      <Filter>GameEngine\Main and Common Headers</Filter>
    </ClCompile>
    <ClCompile Include="src\JSONSerializer.cpp">
      <Filter>GameEngine\Serialization</Filter>
    </ClCompile>
    <ClCompile Include="src\RTTR.cpp">
      <Filter>GameEngine\Serialization</Filter>
    </ClCompile>
    <ClCompile Include="Camera2D.cpp">
      <Filter>GameEngine\Graphics\Camera</Filter>
    </ClCompile>
    <ClCompile Include="model.cpp">
      <Filter>GameEngine\Graphics\Model</Filter>
    </ClCompile>
    <ClCompile Include="object.cpp">
      <Filter>GameEngine\Graphics\Object</Filter>
    </ClCompile>
    <ClCompile Include="src\Matrix.cpp">
      <Filter>GameEngine\Math</Filter>
    </ClCompile>
  </ItemGroup>
  <ItemGroup>
    <ClInclude Include="..\lib\imgui\imconfig.h">
      <Filter>Header Files</Filter>
    </ClInclude>
    <ClInclude Include="..\lib\imgui\imgui.h">
      <Filter>Header Files</Filter>
    </ClInclude>
    <ClInclude Include="..\lib\imgui\imgui_impl_glfw.h">
      <Filter>Header Files</Filter>
    </ClInclude>
    <ClInclude Include="..\lib\imgui\imgui_impl_opengl3.h">
      <Filter>Header Files</Filter>
    </ClInclude>
    <ClInclude Include="..\lib\imgui\imgui_internal.h">
      <Filter>Header Files</Filter>
    </ClInclude>
    <ClInclude Include="..\lib\imgui\imstb_rectpack.h">
      <Filter>Header Files</Filter>
    </ClInclude>
    <ClInclude Include="..\lib\imgui\imstb_textedit.h">
      <Filter>Header Files</Filter>
    </ClInclude>
    <ClInclude Include="..\lib\imgui\imstb_truetype.h">
      <Filter>Header Files</Filter>
    </ClInclude>
    <ClInclude Include="..\lib\imgui\imgui_impl_opengl3_loader.h">
      <Filter>Header Files</Filter>
    </ClInclude>
    <ClInclude Include="include\Input.h">
      <Filter>GameEngine\Input</Filter>
    </ClInclude>
    <ClInclude Include="include\Keys.h">
      <Filter>GameEngine\Input</Filter>
    </ClInclude>
    <ClInclude Include="include\glapp.h">
      <Filter>GameEngine\Graphics</Filter>
    </ClInclude>
    <ClInclude Include="include\glhelper.h">
      <Filter>GameEngine\Graphics</Filter>
    </ClInclude>
    <ClInclude Include="include\glslshader.h">
      <Filter>GameEngine\Graphics</Filter>
    </ClInclude>
    <ClInclude Include="include\common_headers.hpp">
      <Filter>GameEngine\Main and Common Headers</Filter>
    </ClInclude>
    <ClInclude Include="include\JSONSerializer.h">
      <Filter>GameEngine\Serialization</Filter>
    </ClInclude>
    <ClInclude Include="include\RTTR.h">
      <Filter>GameEngine\Serialization</Filter>
    </ClInclude>
    <ClInclude Include="Camera2D.h">
      <Filter>GameEngine\Graphics\Camera</Filter>
    </ClInclude>
    <ClInclude Include="model.h">
      <Filter>GameEngine\Graphics\Model</Filter>
    </ClInclude>
    <ClInclude Include="object.h">
      <Filter>GameEngine\Graphics\Object</Filter>
    </ClInclude>
    <ClInclude Include="include\Math.h">
      <Filter>GameEngine\Math</Filter>
    </ClInclude>
    <ClInclude Include="include\Matrix.h">
      <Filter>GameEngine\Math</Filter>
    </ClInclude>
    <ClInclude Include="include\Vector.h">
      <Filter>GameEngine\Math</Filter>
    </ClInclude>
    <ClInclude Include="include\vector3.h">
      <Filter>GameEngine\Math</Filter>
    </ClInclude>
  </ItemGroup>
  <ItemGroup>
    <Filter Include="GameEngine">
      <UniqueIdentifier>{a72a1129-f7b1-40a7-bf6b-47bbd7a44503}</UniqueIdentifier>
    </Filter>
    <Filter Include="GameEngine\Serialization">
      <UniqueIdentifier>{54eb1265-12da-43aa-8089-3698022cc39d}</UniqueIdentifier>
    </Filter>
    <Filter Include="Header Files">
      <UniqueIdentifier>{26bec48c-1935-46a1-9ed0-8731d75e57d4}</UniqueIdentifier>
    </Filter>
    <Filter Include="Source Files">
      <UniqueIdentifier>{9fd62910-cf68-43f8-aed6-27185e5b2a07}</UniqueIdentifier>
    </Filter>
    <Filter Include="GameEngine\Input">
      <UniqueIdentifier>{94596984-6186-4f86-abbd-7ba02b498ec3}</UniqueIdentifier>
    </Filter>
    <Filter Include="GameEngine\Graphics">
      <UniqueIdentifier>{a03d3466-fb2d-450f-a990-9a5851239b54}</UniqueIdentifier>
    </Filter>
    <Filter Include="GameEngine\Main and Common Headers">
      <UniqueIdentifier>{3b111c6a-1c82-4cc4-9196-ce3aaf5f1873}</UniqueIdentifier>
    </Filter>
    <Filter Include="GameEngine\Graphics\Camera">
      <UniqueIdentifier>{1b6f72d2-d056-40c5-84fe-20666c83b64f}</UniqueIdentifier>
    </Filter>
    <Filter Include="GameEngine\Graphics\Model">
      <UniqueIdentifier>{6c96407d-86f1-48bb-ad4d-63a1732bb8b2}</UniqueIdentifier>
    </Filter>
    <Filter Include="GameEngine\Graphics\Object">
      <UniqueIdentifier>{f7d68cbb-e627-4346-b52d-c381e797e532}</UniqueIdentifier>
    </Filter>
    <Filter Include="GameEngine\Math">
      <UniqueIdentifier>{d5311156-6a04-4c67-b25d-ba89efc9a79e}</UniqueIdentifier>
    </Filter>
  </ItemGroup>
  <ItemGroup>
    <None Include="..\shaders\SushiMi.frag">
      <Filter>GameEngine\Graphics</Filter>
    </None>
    <None Include="..\shaders\SushiMi.vert">
      <Filter>GameEngine\Graphics</Filter>
    </None>
  </ItemGroup>
</Project>